
Microsoft Visual Studio Solution File, Format Version 12.00
# Visual Studio Version 17
VisualStudioVersion = 17.10.34928.147
MinimumVisualStudioVersion = 10.0.40219.1
Project("{FAE04EC0-301F-11D3-BF4B-00C04F79EFBC}") = "assignment2_crud", "assignment2_crud\assignment2_crud.csproj", "{A4D29200-B040-4F3E-9855-F513B8E8B18C}"
EndProject
Project("{FAE04EC0-301F-11D3-BF4B-00C04F79EFBC}") = "Core", "Core\Core.csproj", "{5F4C9138-23F4-44A9-A1AE-4750AC90D4FC}"
EndProject
Global
	GlobalSection(SolutionConfigurationPlatforms) = preSolution
		Debug|Any CPU = Debug|Any CPU
		Release|Any CPU = Release|Any CPU
	EndGlobalSection
	GlobalSection(ProjectConfigurationPlatforms) = postSolution
		{A4D29200-B040-4F3E-9855-F513B8E8B18C}.Debug|Any CPU.ActiveCfg = Debug|Any CPU
		{A4D29200-B040-4F3E-9855-F513B8E8B18C}.Debug|Any CPU.Build.0 = Debug|Any CPU
		{A4D29200-B040-4F3E-9855-F513B8E8B18C}.Release|Any CPU.ActiveCfg = Release|Any CPU
		{A4D29200-B040-4F3E-9855-F513B8E8B18C}.Release|Any CPU.Build.0 = Release|Any CPU
		{5F4C9138-23F4-44A9-A1AE-4750AC90D4FC}.Debug|Any CPU.ActiveCfg = Debug|Any CPU
		{5F4C9138-23F4-44A9-A1AE-4750AC90D4FC}.Debug|Any CPU.Build.0 = Debug|Any CPU
		{5F4C9138-23F4-44A9-A1AE-4750AC90D4FC}.Release|Any CPU.ActiveCfg = Release|Any CPU
		{5F4C9138-23F4-44A9-A1AE-4750AC90D4FC}.Release|Any CPU.Build.0 = Release|Any CPU
	EndGlobalSection
	GlobalSection(SolutionProperties) = preSolution
		HideSolutionNode = FALSE
	EndGlobalSection
	GlobalSection(ExtensibilityGlobals) = postSolution
		SolutionGuid = {FE1B0834-4425-49BB-BA90-02212DA70037}
	EndGlobalSection
EndGlobal
